
Microsoft Visual Studio Solution File, Format Version 12.00
# Visual Studio Version 16
VisualStudioVersion = 16.0.29025.244
MinimumVisualStudioVersion = 10.0.40219.1
Project("{9A19103F-16F7-4668-BE54-9A1E7A4F7556}") = "batten-gothic", "batten-gothic.csproj", "{C6DECC90-D569-4742-87F9-5BC354698410}"
EndProject
Global
	GlobalSection(SolutionConfigurationPlatforms) = preSolution
		Debug|Any CPU = Debug|Any CPU
		Release|Any CPU = Release|Any CPU
	EndGlobalSection
	GlobalSection(ProjectConfigurationPlatforms) = postSolution
		{C6DECC90-D569-4742-87F9-5BC354698410}.Debug|Any CPU.ActiveCfg = Debug|Any CPU
		{C6DECC90-D569-4742-87F9-5BC354698410}.Debug|Any CPU.Build.0 = Debug|Any CPU
		{C6DECC90-D569-4742-87F9-5BC354698410}.Release|Any CPU.ActiveCfg = Release|Any CPU
		{C6DECC90-D569-4742-87F9-5BC354698410}.Release|Any CPU.Build.0 = Release|Any CPU
	EndGlobalSection
	GlobalSection(SolutionProperties) = preSolution
		HideSolutionNode = FALSE
	EndGlobalSection
	GlobalSection(ExtensibilityGlobals) = postSolution
		SolutionGuid = {F6536842-CE6F-4469-8879-462A7DEF4BAF}
	EndGlobalSection
EndGlobal
